
Microsoft Visual Studio Solution File, Format Version 12.00
# Visual Studio Version 17
VisualStudioVersion = 17.11.35312.102
MinimumVisualStudioVersion = 10.0.40219.1
Project("{2150E333-8FDC-42A3-9474-1A3956D46DE8}") = "Task0", "Task0", "{AB534D68-4524-4931-82AA-DFE52780FBF6}"
EndProject
Project("{9A19103F-16F7-4668-BE54-9A1E7A4F7556}") = "Tyuiu.BlagihIA.Sprint6.Task0.V26.Lib", "Tyuiu.BlagihIA.Sprint6.Task0.V26.Lib\Tyuiu.BlagihIA.Sprint6.Task0.V26.Lib.csproj", "{159F9044-6CD8-4FC0-885A-173DC4109DB7}"
EndProject
Project("{9A19103F-16F7-4668-BE54-9A1E7A4F7556}") = "Tyuiu.BlagihIA.Sprint6.Task0.V26.Test", "Tyuiu.BlagihIA.Sprint6.Task0.V26.Test\Tyuiu.BlagihIA.Sprint6.Task0.V26.Test.csproj", "{C747E695-5E5D-4BF4-8788-B5243CBCD20E}"
EndProject
Project("{9A19103F-16F7-4668-BE54-9A1E7A4F7556}") = "Tyuiu.BlagihIA.Sprint6.Task0.V26", "Tyuiu.BlagihIA.Sprint6.Task0.V26\Tyuiu.BlagihIA.Sprint6.Task0.V26.csproj", "{6C53813B-A33E-43A7-84F6-B0C5FB01EEAE}"
EndProject
Project("{2150E333-8FDC-42A3-9474-1A3956D46DE8}") = "Task1", "Task1", "{9A53864F-EC37-4ED7-8785-82EE5278DF61}"
EndProject
Project("{9A19103F-16F7-4668-BE54-9A1E7A4F7556}") = "Tyuiu.BlagihIA.Sprint6.Task1.V19.Lib", "Tyuiu.BlagihIA.Sprint6.Task1.V19.Lib\Tyuiu.BlagihIA.Sprint6.Task1.V19.Lib.csproj", "{1E63EEC0-0489-4B70-AE9D-1B7AE4DEB451}"
EndProject
Project("{9A19103F-16F7-4668-BE54-9A1E7A4F7556}") = "Tyuiu.BlagihIA.Sprint6.Task1.V19.Test", "Tyuiu.BlagihIA.Sprint6.Task1.V19.Test\Tyuiu.BlagihIA.Sprint6.Task1.V19.Test.csproj", "{6D7E55E3-2258-4407-B321-A3A1C1F16C07}"
EndProject
Project("{9A19103F-16F7-4668-BE54-9A1E7A4F7556}") = "Tyuiu.BlagihIA.Sprint6.Task1.V19", "Tyuiu.BlagihIA.Sprint6.Task1.V19\Tyuiu.BlagihIA.Sprint6.Task1.V19.csproj", "{9B856624-7461-4A32-841A-B20ADC876C72}"
EndProject
Project("{2150E333-8FDC-42A3-9474-1A3956D46DE8}") = "Task2", "Task2", "{6CCEB3C4-4670-44FF-AD44-19E1272F8EB5}"
EndProject
Project("{9A19103F-16F7-4668-BE54-9A1E7A4F7556}") = "Tyuiu.BlagihIA.Sprint6.Task2.V20.Lib", "Tyuiu.BlagihIA.Sprint6.Task2.V20.Lib\Tyuiu.BlagihIA.Sprint6.Task2.V20.Lib.csproj", "{99036B8C-43F3-4048-B5E0-12C978579416}"
EndProject
Project("{9A19103F-16F7-4668-BE54-9A1E7A4F7556}") = "Tyuiu.BlagihIA.Sprint6.Task2.V20.Test", "Tyuiu.BlagihIA.Sprint6.Task2.V20.Test\Tyuiu.BlagihIA.Sprint6.Task2.V20.Test.csproj", "{55407B53-FCE6-4D41-9974-ACA23AF9D353}"
EndProject
Project("{9A19103F-16F7-4668-BE54-9A1E7A4F7556}") = "Tyuiu.BlagihIA.Sprint6.Task2.V20", "Tyuiu.BlagihIA.Sprint6.Task2.V20\Tyuiu.BlagihIA.Sprint6.Task2.V20.csproj", "{C6AC7278-E238-4650-BA39-AE8AF23692C2}"
EndProject
Project("{2150E333-8FDC-42A3-9474-1A3956D46DE8}") = "Task3", "Task3", "{50676AB6-2288-4EB9-B07E-F004DA479CC0}"
EndProject
Project("{9A19103F-16F7-4668-BE54-9A1E7A4F7556}") = "Tyuiu.BlagihIA.Sprint6.Task3.V11.Lib", "Tyuiu.BlagihIA.Sprint6.Task3.V11.Lib\Tyuiu.BlagihIA.Sprint6.Task3.V11.Lib.csproj", "{A1C9917B-F9D4-472E-B732-A13C8FC19D94}"
EndProject
Project("{9A19103F-16F7-4668-BE54-9A1E7A4F7556}") = "Tyuiu.BlagihIA.Sprint6.Task3.V11.Test", "Tyuiu.BlagihIA.Sprint6.Task3.V11.Test\Tyuiu.BlagihIA.Sprint6.Task3.V11.Test.csproj", "{DD68FBE2-176C-4C55-BCFC-735F0E2FC111}"
EndProject
Project("{9A19103F-16F7-4668-BE54-9A1E7A4F7556}") = "Tyuiu.BlagihIA.Sprint6.Task3.V11", "Tyuiu.BlagihIA.Sprint6.Task3.V11\Tyuiu.BlagihIA.Sprint6.Task3.V11.csproj", "{614AE361-9B3E-4C52-B39B-1C4F983C2339}"
EndProject
Project("{2150E333-8FDC-42A3-9474-1A3956D46DE8}") = "Task4", "Task4", "{C7595F91-10DB-4633-9FFC-A400658D349A}"
EndProject
Project("{FAE04EC0-301F-11D3-BF4B-00C04F79EFBC}") = "Tyuiu.BlagihIA.Sprint6.Task4.V1.Lib", "Tyuiu.BlagihIA.Sprint6.Task4.V1.Lib\Tyuiu.BlagihIA.Sprint6.Task4.V1.Lib.csproj", "{057CE85C-6F86-4B46-B4C1-5D13FD328ED4}"
EndProject
Project("{FAE04EC0-301F-11D3-BF4B-00C04F79EFBC}") = "Tyuiu.BlagihIA.Sprint6.Task4.V1.Test", "Tyuiu.BlagihIA.Sprint6.Task4.V1.Test\Tyuiu.BlagihIA.Sprint6.Task4.V1.Test.csproj", "{CCAA3C15-3366-4D7D-9298-6011502E7114}"
EndProject
Project("{FAE04EC0-301F-11D3-BF4B-00C04F79EFBC}") = "Tyuiu.BlagihIA.Sprint6.Task4.V1", "Tyuiu.BlagihIA.Sprint6.Task4.V1\Tyuiu.BlagihIA.Sprint6.Task4.V1.csproj", "{1CC65D57-1398-44D2-AE10-D2C558DA1354}"
EndProject
Global
	GlobalSection(SolutionConfigurationPlatforms) = preSolution
		Debug|Any CPU = Debug|Any CPU
		Release|Any CPU = Release|Any CPU
	EndGlobalSection
	GlobalSection(ProjectConfigurationPlatforms) = postSolution
		{159F9044-6CD8-4FC0-885A-173DC4109DB7}.Debug|Any CPU.ActiveCfg = Debug|Any CPU
		{159F9044-6CD8-4FC0-885A-173DC4109DB7}.Debug|Any CPU.Build.0 = Debug|Any CPU
		{159F9044-6CD8-4FC0-885A-173DC4109DB7}.Release|Any CPU.ActiveCfg = Release|Any CPU
		{159F9044-6CD8-4FC0-885A-173DC4109DB7}.Release|Any CPU.Build.0 = Release|Any CPU
		{C747E695-5E5D-4BF4-8788-B5243CBCD20E}.Debug|Any CPU.ActiveCfg = Debug|Any CPU
		{C747E695-5E5D-4BF4-8788-B5243CBCD20E}.Debug|Any CPU.Build.0 = Debug|Any CPU
		{C747E695-5E5D-4BF4-8788-B5243CBCD20E}.Release|Any CPU.ActiveCfg = Release|Any CPU
		{C747E695-5E5D-4BF4-8788-B5243CBCD20E}.Release|Any CPU.Build.0 = Release|Any CPU
		{6C53813B-A33E-43A7-84F6-B0C5FB01EEAE}.Debug|Any CPU.ActiveCfg = Debug|Any CPU
		{6C53813B-A33E-43A7-84F6-B0C5FB01EEAE}.Debug|Any CPU.Build.0 = Debug|Any CPU
		{6C53813B-A33E-43A7-84F6-B0C5FB01EEAE}.Release|Any CPU.ActiveCfg = Release|Any CPU
		{6C53813B-A33E-43A7-84F6-B0C5FB01EEAE}.Release|Any CPU.Build.0 = Release|Any CPU
		{1E63EEC0-0489-4B70-AE9D-1B7AE4DEB451}.Debug|Any CPU.ActiveCfg = Debug|Any CPU
		{1E63EEC0-0489-4B70-AE9D-1B7AE4DEB451}.Debug|Any CPU.Build.0 = Debug|Any CPU
		{1E63EEC0-0489-4B70-AE9D-1B7AE4DEB451}.Release|Any CPU.ActiveCfg = Release|Any CPU
		{1E63EEC0-0489-4B70-AE9D-1B7AE4DEB451}.Release|Any CPU.Build.0 = Release|Any CPU
		{6D7E55E3-2258-4407-B321-A3A1C1F16C07}.Debug|Any CPU.ActiveCfg = Debug|Any CPU
		{6D7E55E3-2258-4407-B321-A3A1C1F16C07}.Debug|Any CPU.Build.0 = Debug|Any CPU
		{6D7E55E3-2258-4407-B321-A3A1C1F16C07}.Release|Any CPU.ActiveCfg = Release|Any CPU
		{6D7E55E3-2258-4407-B321-A3A1C1F16C07}.Release|Any CPU.Build.0 = Release|Any CPU
		{9B856624-7461-4A32-841A-B20ADC876C72}.Debug|Any CPU.ActiveCfg = Debug|Any CPU
		{9B856624-7461-4A32-841A-B20ADC876C72}.Debug|Any CPU.Build.0 = Debug|Any CPU
		{9B856624-7461-4A32-841A-B20ADC876C72}.Release|Any CPU.ActiveCfg = Release|Any CPU
		{9B856624-7461-4A32-841A-B20ADC876C72}.Release|Any CPU.Build.0 = Release|Any CPU
		{99036B8C-43F3-4048-B5E0-12C978579416}.Debug|Any CPU.ActiveCfg = Debug|Any CPU
		{99036B8C-43F3-4048-B5E0-12C978579416}.Debug|Any CPU.Build.0 = Debug|Any CPU
		{99036B8C-43F3-4048-B5E0-12C978579416}.Release|Any CPU.ActiveCfg = Release|Any CPU
		{99036B8C-43F3-4048-B5E0-12C978579416}.Release|Any CPU.Build.0 = Release|Any CPU
		{55407B53-FCE6-4D41-9974-ACA23AF9D353}.Debug|Any CPU.ActiveCfg = Debug|Any CPU
		{55407B53-FCE6-4D41-9974-ACA23AF9D353}.Debug|Any CPU.Build.0 = Debug|Any CPU
		{55407B53-FCE6-4D41-9974-ACA23AF9D353}.Release|Any CPU.ActiveCfg = Release|Any CPU
		{55407B53-FCE6-4D41-9974-ACA23AF9D353}.Release|Any CPU.Build.0 = Release|Any CPU
		{C6AC7278-E238-4650-BA39-AE8AF23692C2}.Debug|Any CPU.ActiveCfg = Debug|Any CPU
		{C6AC7278-E238-4650-BA39-AE8AF23692C2}.Debug|Any CPU.Build.0 = Debug|Any CPU
		{C6AC7278-E238-4650-BA39-AE8AF23692C2}.Release|Any CPU.ActiveCfg = Release|Any CPU
		{C6AC7278-E238-4650-BA39-AE8AF23692C2}.Release|Any CPU.Build.0 = Release|Any CPU
		{A1C9917B-F9D4-472E-B732-A13C8FC19D94}.Debug|Any CPU.ActiveCfg = Debug|Any CPU
		{A1C9917B-F9D4-472E-B732-A13C8FC19D94}.Debug|Any CPU.Build.0 = Debug|Any CPU
		{A1C9917B-F9D4-472E-B732-A13C8FC19D94}.Release|Any CPU.ActiveCfg = Release|Any CPU
		{A1C9917B-F9D4-472E-B732-A13C8FC19D94}.Release|Any CPU.Build.0 = Release|Any CPU
		{DD68FBE2-176C-4C55-BCFC-735F0E2FC111}.Debug|Any CPU.ActiveCfg = Debug|Any CPU
		{DD68FBE2-176C-4C55-BCFC-735F0E2FC111}.Debug|Any CPU.Build.0 = Debug|Any CPU
		{DD68FBE2-176C-4C55-BCFC-735F0E2FC111}.Release|Any CPU.ActiveCfg = Release|Any CPU
		{DD68FBE2-176C-4C55-BCFC-735F0E2FC111}.Release|Any CPU.Build.0 = Release|Any CPU
		{614AE361-9B3E-4C52-B39B-1C4F983C2339}.Debug|Any CPU.ActiveCfg = Debug|Any CPU
		{614AE361-9B3E-4C52-B39B-1C4F983C2339}.Debug|Any CPU.Build.0 = Debug|Any CPU
		{614AE361-9B3E-4C52-B39B-1C4F983C2339}.Release|Any CPU.ActiveCfg = Release|Any CPU
		{614AE361-9B3E-4C52-B39B-1C4F983C2339}.Release|Any CPU.Build.0 = Release|Any CPU
		{057CE85C-6F86-4B46-B4C1-5D13FD328ED4}.Debug|Any CPU.ActiveCfg = Debug|Any CPU
		{057CE85C-6F86-4B46-B4C1-5D13FD328ED4}.Debug|Any CPU.Build.0 = Debug|Any CPU
		{057CE85C-6F86-4B46-B4C1-5D13FD328ED4}.Release|Any CPU.ActiveCfg = Release|Any CPU
		{057CE85C-6F86-4B46-B4C1-5D13FD328ED4}.Release|Any CPU.Build.0 = Release|Any CPU
		{CCAA3C15-3366-4D7D-9298-6011502E7114}.Debug|Any CPU.ActiveCfg = Debug|Any CPU
		{CCAA3C15-3366-4D7D-9298-6011502E7114}.Debug|Any CPU.Build.0 = Debug|Any CPU
		{CCAA3C15-3366-4D7D-9298-6011502E7114}.Release|Any CPU.ActiveCfg = Release|Any CPU
		{CCAA3C15-3366-4D7D-9298-6011502E7114}.Release|Any CPU.Build.0 = Release|Any CPU
		{1CC65D57-1398-44D2-AE10-D2C558DA1354}.Debug|Any CPU.ActiveCfg = Debug|Any CPU
		{1CC65D57-1398-44D2-AE10-D2C558DA1354}.Debug|Any CPU.Build.0 = Debug|Any CPU
		{1CC65D57-1398-44D2-AE10-D2C558DA1354}.Release|Any CPU.ActiveCfg = Release|Any CPU
		{1CC65D57-1398-44D2-AE10-D2C558DA1354}.Release|Any CPU.Build.0 = Release|Any CPU
	EndGlobalSection
	GlobalSection(SolutionProperties) = preSolution
		HideSolutionNode = FALSE
	EndGlobalSection
	GlobalSection(NestedProjects) = preSolution
		{159F9044-6CD8-4FC0-885A-173DC4109DB7} = {AB534D68-4524-4931-82AA-DFE52780FBF6}
		{C747E695-5E5D-4BF4-8788-B5243CBCD20E} = {AB534D68-4524-4931-82AA-DFE52780FBF6}
		{6C53813B-A33E-43A7-84F6-B0C5FB01EEAE} = {AB534D68-4524-4931-82AA-DFE52780FBF6}
		{1E63EEC0-0489-4B70-AE9D-1B7AE4DEB451} = {9A53864F-EC37-4ED7-8785-82EE5278DF61}
		{6D7E55E3-2258-4407-B321-A3A1C1F16C07} = {9A53864F-EC37-4ED7-8785-82EE5278DF61}
		{9B856624-7461-4A32-841A-B20ADC876C72} = {9A53864F-EC37-4ED7-8785-82EE5278DF61}
		{99036B8C-43F3-4048-B5E0-12C978579416} = {6CCEB3C4-4670-44FF-AD44-19E1272F8EB5}
		{55407B53-FCE6-4D41-9974-ACA23AF9D353} = {6CCEB3C4-4670-44FF-AD44-19E1272F8EB5}
		{C6AC7278-E238-4650-BA39-AE8AF23692C2} = {6CCEB3C4-4670-44FF-AD44-19E1272F8EB5}
		{A1C9917B-F9D4-472E-B732-A13C8FC19D94} = {50676AB6-2288-4EB9-B07E-F004DA479CC0}
		{DD68FBE2-176C-4C55-BCFC-735F0E2FC111} = {50676AB6-2288-4EB9-B07E-F004DA479CC0}
		{614AE361-9B3E-4C52-B39B-1C4F983C2339} = {50676AB6-2288-4EB9-B07E-F004DA479CC0}
		{057CE85C-6F86-4B46-B4C1-5D13FD328ED4} = {C7595F91-10DB-4633-9FFC-A400658D349A}
		{CCAA3C15-3366-4D7D-9298-6011502E7114} = {C7595F91-10DB-4633-9FFC-A400658D349A}
		{1CC65D57-1398-44D2-AE10-D2C558DA1354} = {C7595F91-10DB-4633-9FFC-A400658D349A}
	EndGlobalSection
	GlobalSection(ExtensibilityGlobals) = postSolution
		SolutionGuid = {5FEB098C-DE2E-47F4-92F0-9E935A65B0DB}
	EndGlobalSection
EndGlobal
